// !$*UTF8*$!
{
	archiveVersion = 1;
	classes = {
	};
	objectVersion = 56;
	objects = {

/* Begin PBXBuildFile section */
		EC1F892F29A22C3700FD9C76 /* AppDelegate.swift in Sources */ = {isa = PBXBuildFile; fileRef = EC1F892E29A22C3700FD9C76 /* AppDelegate.swift */; };
		EC1F893129A22C3700FD9C76 /* SceneDelegate.swift in Sources */ = {isa = PBXBuildFile; fileRef = EC1F893029A22C3700FD9C76 /* SceneDelegate.swift */; };
		EC1F893329A22C3700FD9C76 /* EntranceOfApp.swift in Sources */ = {isa = PBXBuildFile; fileRef = EC1F893229A22C3700FD9C76 /* EntranceOfApp.swift */; };
		EC1F893629A22C3700FD9C76 /* Main.storyboard in Resources */ = {isa = PBXBuildFile; fileRef = EC1F893429A22C3700FD9C76 /* Main.storyboard */; };
		EC1F893929A22C3700FD9C76 /* kombin_dolabim.xcdatamodeld in Sources */ = {isa = PBXBuildFile; fileRef = EC1F893729A22C3700FD9C76 /* kombin_dolabim.xcdatamodeld */; };
		EC1F893B29A22C3900FD9C76 /* Assets.xcassets in Resources */ = {isa = PBXBuildFile; fileRef = EC1F893A29A22C3900FD9C76 /* Assets.xcassets */; };
		EC1F893E29A22C3900FD9C76 /* LaunchScreen.storyboard in Resources */ = {isa = PBXBuildFile; fileRef = EC1F893C29A22C3900FD9C76 /* LaunchScreen.storyboard */; };
		EC1F894629A2333600FD9C76 /* AddOutfitViewController.swift in Sources */ = {isa = PBXBuildFile; fileRef = EC1F894529A2333600FD9C76 /* AddOutfitViewController.swift */; };
		EC1F894829A23C8200FD9C76 /* CollectionsViewController.swift in Sources */ = {isa = PBXBuildFile; fileRef = EC1F894729A23C8200FD9C76 /* CollectionsViewController.swift */; };
		EC1F894A29A242C200FD9C76 /* OutfitTableViewCell.swift in Sources */ = {isa = PBXBuildFile; fileRef = EC1F894929A242C200FD9C76 /* OutfitTableViewCell.swift */; };
		EC1F894C29A24A3900FD9C76 /* SettingsViewController.swift in Sources */ = {isa = PBXBuildFile; fileRef = EC1F894B29A24A3900FD9C76 /* SettingsViewController.swift */; };
		EC1F894E29A24F4700FD9C76 /* GoogleService-Info.plist in Resources */ = {isa = PBXBuildFile; fileRef = EC1F894D29A24F4700FD9C76 /* GoogleService-Info.plist */; };
		EC1F895129A24FF000FD9C76 /* FirebaseAuth in Frameworks */ = {isa = PBXBuildFile; productRef = EC1F895029A24FF000FD9C76 /* FirebaseAuth */; };
		EC1F895329A24FF000FD9C76 /* FirebaseDatabase in Frameworks */ = {isa = PBXBuildFile; productRef = EC1F895229A24FF000FD9C76 /* FirebaseDatabase */; };
		EC1F895529A24FF000FD9C76 /* FirebaseFirestore in Frameworks */ = {isa = PBXBuildFile; productRef = EC1F895429A24FF000FD9C76 /* FirebaseFirestore */; };
		EC1F895729A28A4A00FD9C76 /* AccountViewController.swift in Sources */ = {isa = PBXBuildFile; fileRef = EC1F895629A28A4A00FD9C76 /* AccountViewController.swift */; };
		EC691EE329E81ED30062C253 /* MyTop3OutfitViewController.swift in Sources */ = {isa = PBXBuildFile; fileRef = EC691EE229E81ED30062C253 /* MyTop3OutfitViewController.swift */; };
		EC6A019A29DC14BB00F9A73E /* GetEmailViewController.swift in Sources */ = {isa = PBXBuildFile; fileRef = EC6A019929DC14BB00F9A73E /* GetEmailViewController.swift */; };
		ECCB3A5429E1A38100E21CCB /* Alert.swift in Sources */ = {isa = PBXBuildFile; fileRef = ECCB3A5329E1A38100E21CCB /* Alert.swift */; };
		ECCB3A5829E1EE5E00E21CCB /* CoreData.swift in Sources */ = {isa = PBXBuildFile; fileRef = ECCB3A5729E1EE5E00E21CCB /* CoreData.swift */; };
		ECCB3A5C29E1F40500E21CCB /* OutfitClass.swift in Sources */ = {isa = PBXBuildFile; fileRef = ECCB3A5B29E1F40500E21CCB /* OutfitClass.swift */; };
		ECF7A78829E4450D009C0F77 /* Cloud.swift in Sources */ = {isa = PBXBuildFile; fileRef = ECF7A78729E4450D009C0F77 /* Cloud.swift */; };
		ECF7A78D29E44D8C009C0F77 /* OutfitManager.swift in Sources */ = {isa = PBXBuildFile; fileRef = ECF7A78C29E44D8C009C0F77 /* OutfitManager.swift */; };
/* End PBXBuildFile section */

/* Begin PBXFileReference section */
		EC1F892B29A22C3700FD9C76 /* kombin dolabim.app */ = {isa = PBXFileReference; explicitFileType = wrapper.application; includeInIndex = 0; path = "kombin dolabim.app"; sourceTree = BUILT_PRODUCTS_DIR; };
		EC1F892E29A22C3700FD9C76 /* AppDelegate.swift */ = {isa = PBXFileReference; lastKnownFileType = sourcecode.swift; path = AppDelegate.swift; sourceTree = "<group>"; };
		EC1F893029A22C3700FD9C76 /* SceneDelegate.swift */ = {isa = PBXFileReference; lastKnownFileType = sourcecode.swift; path = SceneDelegate.swift; sourceTree = "<group>"; };
		EC1F893229A22C3700FD9C76 /* EntranceOfApp.swift */ = {isa = PBXFileReference; lastKnownFileType = sourcecode.swift; path = EntranceOfApp.swift; sourceTree = "<group>"; };
		EC1F893529A22C3700FD9C76 /* Base */ = {isa = PBXFileReference; lastKnownFileType = file.storyboard; name = Base; path = Base.lproj/Main.storyboard; sourceTree = "<group>"; };
		EC1F893829A22C3700FD9C76 /* kombin_dolabim.xcdatamodel */ = {isa = PBXFileReference; lastKnownFileType = wrapper.xcdatamodel; path = kombin_dolabim.xcdatamodel; sourceTree = "<group>"; };
		EC1F893A29A22C3900FD9C76 /* Assets.xcassets */ = {isa = PBXFileReference; lastKnownFileType = folder.assetcatalog; path = Assets.xcassets; sourceTree = "<group>"; };
		EC1F893D29A22C3900FD9C76 /* Base */ = {isa = PBXFileReference; lastKnownFileType = file.storyboard; name = Base; path = Base.lproj/LaunchScreen.storyboard; sourceTree = "<group>"; };
		EC1F893F29A22C3900FD9C76 /* Info.plist */ = {isa = PBXFileReference; lastKnownFileType = text.plist.xml; path = Info.plist; sourceTree = "<group>"; };
		EC1F894529A2333600FD9C76 /* AddOutfitViewController.swift */ = {isa = PBXFileReference; lastKnownFileType = sourcecode.swift; path = AddOutfitViewController.swift; sourceTree = "<group>"; };
		EC1F894729A23C8200FD9C76 /* CollectionsViewController.swift */ = {isa = PBXFileReference; lastKnownFileType = sourcecode.swift; path = CollectionsViewController.swift; sourceTree = "<group>"; };
		EC1F894929A242C200FD9C76 /* OutfitTableViewCell.swift */ = {isa = PBXFileReference; lastKnownFileType = sourcecode.swift; path = OutfitTableViewCell.swift; sourceTree = "<group>"; };
		EC1F894B29A24A3900FD9C76 /* SettingsViewController.swift */ = {isa = PBXFileReference; lastKnownFileType = sourcecode.swift; path = SettingsViewController.swift; sourceTree = "<group>"; };
		EC1F894D29A24F4700FD9C76 /* GoogleService-Info.plist */ = {isa = PBXFileReference; fileEncoding = 4; lastKnownFileType = text.plist.xml; path = "GoogleService-Info.plist"; sourceTree = "<group>"; };
		EC1F895629A28A4A00FD9C76 /* AccountViewController.swift */ = {isa = PBXFileReference; lastKnownFileType = sourcecode.swift; path = AccountViewController.swift; sourceTree = "<group>"; };
		EC691EE229E81ED30062C253 /* MyTop3OutfitViewController.swift */ = {isa = PBXFileReference; lastKnownFileType = sourcecode.swift; path = MyTop3OutfitViewController.swift; sourceTree = "<group>"; };
		EC6A019929DC14BB00F9A73E /* GetEmailViewController.swift */ = {isa = PBXFileReference; lastKnownFileType = sourcecode.swift; path = GetEmailViewController.swift; sourceTree = "<group>"; };
		ECCB3A5329E1A38100E21CCB /* Alert.swift */ = {isa = PBXFileReference; lastKnownFileType = sourcecode.swift; path = Alert.swift; sourceTree = "<group>"; };
		ECCB3A5729E1EE5E00E21CCB /* CoreData.swift */ = {isa = PBXFileReference; lastKnownFileType = sourcecode.swift; path = CoreData.swift; sourceTree = "<group>"; };
		ECCB3A5B29E1F40500E21CCB /* OutfitClass.swift */ = {isa = PBXFileReference; lastKnownFileType = sourcecode.swift; path = OutfitClass.swift; sourceTree = "<group>"; xcLanguageSpecificationIdentifier = xcode.lang.swift; };
		ECF7A78729E4450D009C0F77 /* Cloud.swift */ = {isa = PBXFileReference; lastKnownFileType = sourcecode.swift; path = Cloud.swift; sourceTree = "<group>"; };
		ECF7A78C29E44D8C009C0F77 /* OutfitManager.swift */ = {isa = PBXFileReference; lastKnownFileType = sourcecode.swift; path = OutfitManager.swift; sourceTree = "<group>"; };
/* End PBXFileReference section */

/* Begin PBXFrameworksBuildPhase section */
		EC1F892829A22C3700FD9C76 /* Frameworks */ = {
			isa = PBXFrameworksBuildPhase;
			buildActionMask = 2147483647;
			files = (
				EC1F895329A24FF000FD9C76 /* FirebaseDatabase in Frameworks */,
				EC1F895129A24FF000FD9C76 /* FirebaseAuth in Frameworks */,
				EC1F895529A24FF000FD9C76 /* FirebaseFirestore in Frameworks */,
			);
			runOnlyForDeploymentPostprocessing = 0;
		};
/* End PBXFrameworksBuildPhase section */

/* Begin PBXGroup section */
		EC1F892229A22C3700FD9C76 = {
			isa = PBXGroup;
			children = (
				EC1F892D29A22C3700FD9C76 /* kombin dolabim */,
				EC1F892C29A22C3700FD9C76 /* Products */,
			);
			sourceTree = "<group>";
		};
		EC1F892C29A22C3700FD9C76 /* Products */ = {
			isa = PBXGroup;
			children = (
				EC1F892B29A22C3700FD9C76 /* kombin dolabim.app */,
			);
			name = Products;
			sourceTree = "<group>";
		};
		EC1F892D29A22C3700FD9C76 /* kombin dolabim */ = {
			isa = PBXGroup;
			children = (
				ECCB3A5229E1A23F00E21CCB /* Service */,
				ECCB3A5129E1A23100E21CCB /* model */,
				ECF7A78B29E44BBA009C0F77 /* ViewModel */,
				ECCB3A5029E1A22400E21CCB /* View */,
				EC1F893C29A22C3900FD9C76 /* LaunchScreen.storyboard */,
				EC1F893429A22C3700FD9C76 /* Main.storyboard */,
				EC1F893A29A22C3900FD9C76 /* Assets.xcassets */,
				EC1F893F29A22C3900FD9C76 /* Info.plist */,
				EC1F894D29A24F4700FD9C76 /* GoogleService-Info.plist */,
				EC1F893729A22C3700FD9C76 /* kombin_dolabim.xcdatamodeld */,
			);
			path = "kombin dolabim";
			sourceTree = "<group>";
		};
		ECCB3A5029E1A22400E21CCB /* View */ = {
			isa = PBXGroup;
			children = (
				EC1F894529A2333600FD9C76 /* AddOutfitViewController.swift */,
				EC1F894729A23C8200FD9C76 /* CollectionsViewController.swift */,
				EC1F894929A242C200FD9C76 /* OutfitTableViewCell.swift */,
				EC1F894B29A24A3900FD9C76 /* SettingsViewController.swift */,
				EC1F895629A28A4A00FD9C76 /* AccountViewController.swift */,
				EC691EE229E81ED30062C253 /* MyTop3OutfitViewController.swift */,
				EC6A019929DC14BB00F9A73E /* GetEmailViewController.swift */,
				EC1F893229A22C3700FD9C76 /* EntranceOfApp.swift */,
				EC1F893029A22C3700FD9C76 /* SceneDelegate.swift */,
				EC1F892E29A22C3700FD9C76 /* AppDelegate.swift */,
			);
			path = View;
			sourceTree = "<group>";
		};
		ECCB3A5129E1A23100E21CCB /* model */ = {
			isa = PBXGroup;
			children = (
			);
			path = model;
			sourceTree = "<group>";
		};
		ECCB3A5229E1A23F00E21CCB /* Service */ = {
			isa = PBXGroup;
			children = (
				ECCB3A5729E1EE5E00E21CCB /* CoreData.swift */,
				ECF7A78729E4450D009C0F77 /* Cloud.swift */,
			);
			path = Service;
			sourceTree = "<group>";
		};
		ECF7A78B29E44BBA009C0F77 /* ViewModel */ = {
			isa = PBXGroup;
			children = (
				ECCB3A5B29E1F40500E21CCB /* OutfitClass.swift */,
				ECCB3A5329E1A38100E21CCB /* Alert.swift */,
				ECF7A78C29E44D8C009C0F77 /* OutfitManager.swift */,
			);
			path = ViewModel;
			sourceTree = "<group>";
		};
/* End PBXGroup section */

/* Begin PBXNativeTarget section */
		EC1F892A29A22C3700FD9C76 /* kombin dolabim */ = {
			isa = PBXNativeTarget;
			buildConfigurationList = EC1F894229A22C3900FD9C76 /* Build configuration list for PBXNativeTarget "kombin dolabim" */;
			buildPhases = (
				EC1F892729A22C3700FD9C76 /* Sources */,
				EC1F892829A22C3700FD9C76 /* Frameworks */,
				EC1F892929A22C3700FD9C76 /* Resources */,
			);
			buildRules = (
			);
			dependencies = (
			);
			name = "kombin dolabim";
			packageProductDependencies = (
				EC1F895029A24FF000FD9C76 /* FirebaseAuth */,
				EC1F895229A24FF000FD9C76 /* FirebaseDatabase */,
				EC1F895429A24FF000FD9C76 /* FirebaseFirestore */,
			);
			productName = "kombin dolabim";
			productReference = EC1F892B29A22C3700FD9C76 /* kombin dolabim.app */;
			productType = "com.apple.product-type.application";
		};
/* End PBXNativeTarget section */

/* Begin PBXProject section */
		EC1F892329A22C3700FD9C76 /* Project object */ = {
			isa = PBXProject;
			attributes = {
				BuildIndependentTargetsInParallel = 1;
				LastSwiftUpdateCheck = 1420;
				LastUpgradeCheck = 1420;
				TargetAttributes = {
					EC1F892A29A22C3700FD9C76 = {
						CreatedOnToolsVersion = 14.2;
					};
				};
			};
			buildConfigurationList = EC1F892629A22C3700FD9C76 /* Build configuration list for PBXProject "kombin dolabim" */;
			compatibilityVersion = "Xcode 14.0";
			developmentRegion = en;
			hasScannedForEncodings = 0;
			knownRegions = (
				en,
				Base,
			);
			mainGroup = EC1F892229A22C3700FD9C76;
			packageReferences = (
				EC1F894F29A24FF000FD9C76 /* XCRemoteSwiftPackageReference "firebase-ios-sdk" */,
			);
			productRefGroup = EC1F892C29A22C3700FD9C76 /* Products */;
			projectDirPath = "";
			projectRoot = "";
			targets = (
				EC1F892A29A22C3700FD9C76 /* kombin dolabim */,
			);
		};
/* End PBXProject section */

/* Begin PBXResourcesBuildPhase section */
		EC1F892929A22C3700FD9C76 /* Resources */ = {
			isa = PBXResourcesBuildPhase;
			buildActionMask = 2147483647;
			files = (
				EC1F893E29A22C3900FD9C76 /* LaunchScreen.storyboard in Resources */,
				EC1F894E29A24F4700FD9C76 /* GoogleService-Info.plist in Resources */,
				EC1F893B29A22C3900FD9C76 /* Assets.xcassets in Resources */,
				EC1F893629A22C3700FD9C76 /* Main.storyboard in Resources */,
			);
			runOnlyForDeploymentPostprocessing = 0;
		};
/* End PBXResourcesBuildPhase section */

/* Begin PBXSourcesBuildPhase section */
		EC1F892729A22C3700FD9C76 /* Sources */ = {
			isa = PBXSourcesBuildPhase;
			buildActionMask = 2147483647;
			files = (
				EC1F894829A23C8200FD9C76 /* CollectionsViewController.swift in Sources */,
				EC1F893329A22C3700FD9C76 /* EntranceOfApp.swift in Sources */,
				EC691EE329E81ED30062C253 /* MyTop3OutfitViewController.swift in Sources */,
				EC1F892F29A22C3700FD9C76 /* AppDelegate.swift in Sources */,
				ECCB3A5429E1A38100E21CCB /* Alert.swift in Sources */,
				ECF7A78D29E44D8C009C0F77 /* OutfitManager.swift in Sources */,
				ECCB3A5829E1EE5E00E21CCB /* CoreData.swift in Sources */,
				EC1F893929A22C3700FD9C76 /* kombin_dolabim.xcdatamodeld in Sources */,
				EC1F894629A2333600FD9C76 /* AddOutfitViewController.swift in Sources */,
				EC1F893129A22C3700FD9C76 /* SceneDelegate.swift in Sources */,
				EC6A019A29DC14BB00F9A73E /* GetEmailViewController.swift in Sources */,
				EC1F894A29A242C200FD9C76 /* OutfitTableViewCell.swift in Sources */,
				EC1F894C29A24A3900FD9C76 /* SettingsViewController.swift in Sources */,
				ECF7A78829E4450D009C0F77 /* Cloud.swift in Sources */,
				EC1F895729A28A4A00FD9C76 /* AccountViewController.swift in Sources */,
				ECCB3A5C29E1F40500E21CCB /* OutfitClass.swift in Sources */,
			);
			runOnlyForDeploymentPostprocessing = 0;
		};
/* End PBXSourcesBuildPhase section */

/* Begin PBXVariantGroup section */
		EC1F893429A22C3700FD9C76 /* Main.storyboard */ = {
			isa = PBXVariantGroup;
			children = (
				EC1F893529A22C3700FD9C76 /* Base */,
			);
			name = Main.storyboard;
			sourceTree = "<group>";
		};
		EC1F893C29A22C3900FD9C76 /* LaunchScreen.storyboard */ = {
			isa = PBXVariantGroup;
			children = (
				EC1F893D29A22C3900FD9C76 /* Base */,
			);
			name = LaunchScreen.storyboard;
			sourceTree = "<group>";
		};
/* End PBXVariantGroup section */

/* Begin XCBuildConfiguration section */
		EC1F894029A22C3900FD9C76 /* Debug */ = {
			isa = XCBuildConfiguration;
			buildSettings = {
				ALWAYS_SEARCH_USER_PATHS = NO;
				CLANG_ANALYZER_NONNULL = YES;
				CLANG_ANALYZER_NUMBER_OBJECT_CONVERSION = YES_AGGRESSIVE;
				CLANG_CXX_LANGUAGE_STANDARD = "gnu++20";
				CLANG_ENABLE_MODULES = YES;
				CLANG_ENABLE_OBJC_ARC = YES;
				CLANG_ENABLE_OBJC_WEAK = YES;
				CLANG_WARN_BLOCK_CAPTURE_AUTORELEASING = YES;
				CLANG_WARN_BOOL_CONVERSION = YES;
				CLANG_WARN_COMMA = YES;
				CLANG_WARN_CONSTANT_CONVERSION = YES;
				CLANG_WARN_DEPRECATED_OBJC_IMPLEMENTATIONS = YES;
				CLANG_WARN_DIRECT_OBJC_ISA_USAGE = YES_ERROR;
				CLANG_WARN_DOCUMENTATION_COMMENTS = YES;
				CLANG_WARN_EMPTY_BODY = YES;
				CLANG_WARN_ENUM_CONVERSION = YES;
				CLANG_WARN_INFINITE_RECURSION = YES;
				CLANG_WARN_INT_CONVERSION = YES;
				CLANG_WARN_NON_LITERAL_NULL_CONVERSION = YES;
				CLANG_WARN_OBJC_IMPLICIT_RETAIN_SELF = YES;
				CLANG_WARN_OBJC_LITERAL_CONVERSION = YES;
				CLANG_WARN_OBJC_ROOT_CLASS = YES_ERROR;
				CLANG_WARN_QUOTED_INCLUDE_IN_FRAMEWORK_HEADER = YES;
				CLANG_WARN_RANGE_LOOP_ANALYSIS = YES;
				CLANG_WARN_STRICT_PROTOTYPES = YES;
				CLANG_WARN_SUSPICIOUS_MOVE = YES;
				CLANG_WARN_UNGUARDED_AVAILABILITY = YES_AGGRESSIVE;
				CLANG_WARN_UNREACHABLE_CODE = YES;
				CLANG_WARN__DUPLICATE_METHOD_MATCH = YES;
				COPY_PHASE_STRIP = NO;
				DEBUG_INFORMATION_FORMAT = dwarf;
				ENABLE_STRICT_OBJC_MSGSEND = YES;
				ENABLE_TESTABILITY = YES;
				GCC_C_LANGUAGE_STANDARD = gnu11;
				GCC_DYNAMIC_NO_PIC = NO;
				GCC_NO_COMMON_BLOCKS = YES;
				GCC_OPTIMIZATION_LEVEL = 0;
				GCC_PREPROCESSOR_DEFINITIONS = (
					"DEBUG=1",
					"$(inherited)",
				);
				GCC_WARN_64_TO_32_BIT_CONVERSION = YES;
				GCC_WARN_ABOUT_RETURN_TYPE = YES_ERROR;
				GCC_WARN_UNDECLARED_SELECTOR = YES;
				GCC_WARN_UNINITIALIZED_AUTOS = YES_AGGRESSIVE;
				GCC_WARN_UNUSED_FUNCTION = YES;
				GCC_WARN_UNUSED_VARIABLE = YES;
				IPHONEOS_DEPLOYMENT_TARGET = 16.2;
				MTL_ENABLE_DEBUG_INFO = INCLUDE_SOURCE;
				MTL_FAST_MATH = YES;
				ONLY_ACTIVE_ARCH = YES;
				SDKROOT = iphoneos;
				SWIFT_ACTIVE_COMPILATION_CONDITIONS = DEBUG;
				SWIFT_OPTIMIZATION_LEVEL = "-Onone";
			};
			name = Debug;
		};
		EC1F894129A22C3900FD9C76 /* Release */ = {
			isa = XCBuildConfiguration;
			buildSettings = {
				ALWAYS_SEARCH_USER_PATHS = NO;
				CLANG_ANALYZER_NONNULL = YES;
				CLANG_ANALYZER_NUMBER_OBJECT_CONVERSION = YES_AGGRESSIVE;
				CLANG_CXX_LANGUAGE_STANDARD = "gnu++20";
				CLANG_ENABLE_MODULES = YES;
				CLANG_ENABLE_OBJC_ARC = YES;
				CLANG_ENABLE_OBJC_WEAK = YES;
				CLANG_WARN_BLOCK_CAPTURE_AUTORELEASING = YES;
				CLANG_WARN_BOOL_CONVERSION = YES;
				CLANG_WARN_COMMA = YES;
				CLANG_WARN_CONSTANT_CONVERSION = YES;
				CLANG_WARN_DEPRECATED_OBJC_IMPLEMENTATIONS = YES;
				CLANG_WARN_DIRECT_OBJC_ISA_USAGE = YES_ERROR;
				CLANG_WARN_DOCUMENTATION_COMMENTS = YES;
				CLANG_WARN_EMPTY_BODY = YES;
				CLANG_WARN_ENUM_CONVERSION = YES;
				CLANG_WARN_INFINITE_RECURSION = YES;
				CLANG_WARN_INT_CONVERSION = YES;
				CLANG_WARN_NON_LITERAL_NULL_CONVERSION = YES;
				CLANG_WARN_OBJC_IMPLICIT_RETAIN_SELF = YES;
				CLANG_WARN_OBJC_LITERAL_CONVERSION = YES;
				CLANG_WARN_OBJC_ROOT_CLASS = YES_ERROR;
				CLANG_WARN_QUOTED_INCLUDE_IN_FRAMEWORK_HEADER = YES;
				CLANG_WARN_RANGE_LOOP_ANALYSIS = YES;
				CLANG_WARN_STRICT_PROTOTYPES = YES;
				CLANG_WARN_SUSPICIOUS_MOVE = YES;
				CLANG_WARN_UNGUARDED_AVAILABILITY = YES_AGGRESSIVE;
				CLANG_WARN_UNREACHABLE_CODE = YES;
				CLANG_WARN__DUPLICATE_METHOD_MATCH = YES;
				COPY_PHASE_STRIP = NO;
				DEBUG_INFORMATION_FORMAT = "dwarf-with-dsym";
				ENABLE_NS_ASSERTIONS = NO;
				ENABLE_STRICT_OBJC_MSGSEND = YES;
				GCC_C_LANGUAGE_STANDARD = gnu11;
				GCC_NO_COMMON_BLOCKS = YES;
				GCC_WARN_64_TO_32_BIT_CONVERSION = YES;
				GCC_WARN_ABOUT_RETURN_TYPE = YES_ERROR;
				GCC_WARN_UNDECLARED_SELECTOR = YES;
				GCC_WARN_UNINITIALIZED_AUTOS = YES_AGGRESSIVE;
				GCC_WARN_UNUSED_FUNCTION = YES;
				GCC_WARN_UNUSED_VARIABLE = YES;
				IPHONEOS_DEPLOYMENT_TARGET = 16.2;
				MTL_ENABLE_DEBUG_INFO = NO;
				MTL_FAST_MATH = YES;
				SDKROOT = iphoneos;
				SWIFT_COMPILATION_MODE = wholemodule;
				SWIFT_OPTIMIZATION_LEVEL = "-O";
				VALIDATE_PRODUCT = YES;
			};
			name = Release;
		};
		EC1F894329A22C3900FD9C76 /* Debug */ = {
			isa = XCBuildConfiguration;
			buildSettings = {
				ASSETCATALOG_COMPILER_APPICON_NAME = AppIcon;
				ASSETCATALOG_COMPILER_GLOBAL_ACCENT_COLOR_NAME = AccentColor;
				CODE_SIGN_STYLE = Automatic;
				CURRENT_PROJECT_VERSION = 1;
				DEVELOPMENT_TEAM = C94MK7D458;
				GENERATE_INFOPLIST_FILE = YES;
				INFOPLIST_FILE = "kombin dolabim/Info.plist";
				INFOPLIST_KEY_UIApplicationSupportsIndirectInputEvents = YES;
				INFOPLIST_KEY_UILaunchStoryboardName = LaunchScreen;
				INFOPLIST_KEY_UIMainStoryboardFile = Main;
				INFOPLIST_KEY_UISupportedInterfaceOrientations_iPad = "UIInterfaceOrientationPortrait UIInterfaceOrientationPortraitUpsideDown UIInterfaceOrientationLandscapeLeft UIInterfaceOrientationLandscapeRight";
				INFOPLIST_KEY_UISupportedInterfaceOrientations_iPhone = "UIInterfaceOrientationPortrait UIInterfaceOrientationLandscapeLeft UIInterfaceOrientationLandscapeRight";
				LD_RUNPATH_SEARCH_PATHS = (
					"$(inherited)",
					"@executable_path/Frameworks",
				);
				MARKETING_VERSION = 1.0;
				PRODUCT_BUNDLE_IDENTIFIER = "com.kaanyildiz.kombin-dolabim";
				PRODUCT_NAME = "$(TARGET_NAME)";
				SUPPORTED_PLATFORMS = "iphoneos iphonesimulator";
				SUPPORTS_MACCATALYST = NO;
				SUPPORTS_MAC_DESIGNED_FOR_IPHONE_IPAD = NO;
				SWIFT_EMIT_LOC_STRINGS = YES;
				SWIFT_VERSION = 5.0;
				TARGETED_DEVICE_FAMILY = 1;
			};
			name = Debug;
		};
		EC1F894429A22C3900FD9C76 /* Release */ = {
			isa = XCBuildConfiguration;
			buildSettings = {
				ASSETCATALOG_COMPILER_APPICON_NAME = AppIcon;
				ASSETCATALOG_COMPILER_GLOBAL_ACCENT_COLOR_NAME = AccentColor;
				CODE_SIGN_STYLE = Automatic;
				CURRENT_PROJECT_VERSION = 1;
				DEVELOPMENT_TEAM = C94MK7D458;
				GENERATE_INFOPLIST_FILE = YES;
				INFOPLIST_FILE = "kombin dolabim/Info.plist";
				INFOPLIST_KEY_UIApplicationSupportsIndirectInputEvents = YES;
				INFOPLIST_KEY_UILaunchStoryboardName = LaunchScreen;
				INFOPLIST_KEY_UIMainStoryboardFile = Main;
				INFOPLIST_KEY_UISupportedInterfaceOrientations_iPad = "UIInterfaceOrientationPortrait UIInterfaceOrientationPortraitUpsideDown UIInterfaceOrientationLandscapeLeft UIInterfaceOrientationLandscapeRight";
				INFOPLIST_KEY_UISupportedInterfaceOrientations_iPhone = "UIInterfaceOrientationPortrait UIInterfaceOrientationLandscapeLeft UIInterfaceOrientationLandscapeRight";
				LD_RUNPATH_SEARCH_PATHS = (
					"$(inherited)",
					"@executable_path/Frameworks",
				);
				MARKETING_VERSION = 1.0;
				PRODUCT_BUNDLE_IDENTIFIER = "com.kaanyildiz.kombin-dolabim";
				PRODUCT_NAME = "$(TARGET_NAME)";
				SUPPORTED_PLATFORMS = "iphoneos iphonesimulator";
				SUPPORTS_MACCATALYST = NO;
				SUPPORTS_MAC_DESIGNED_FOR_IPHONE_IPAD = NO;
				SWIFT_EMIT_LOC_STRINGS = YES;
				SWIFT_VERSION = 5.0;
				TARGETED_DEVICE_FAMILY = 1;
			};
			name = Release;
		};
/* End XCBuildConfiguration section */

/* Begin XCConfigurationList section */
		EC1F892629A22C3700FD9C76 /* Build configuration list for PBXProject "kombin dolabim" */ = {
			isa = XCConfigurationList;
			buildConfigurations = (
				EC1F894029A22C3900FD9C76 /* Debug */,
				EC1F894129A22C3900FD9C76 /* Release */,
			);
			defaultConfigurationIsVisible = 0;
			defaultConfigurationName = Release;
		};
		EC1F894229A22C3900FD9C76 /* Build configuration list for PBXNativeTarget "kombin dolabim" */ = {
			isa = XCConfigurationList;
			buildConfigurations = (
				EC1F894329A22C3900FD9C76 /* Debug */,
				EC1F894429A22C3900FD9C76 /* Release */,
			);
			defaultConfigurationIsVisible = 0;
			defaultConfigurationName = Release;
		};
/* End XCConfigurationList section */

/* Begin XCRemoteSwiftPackageReference section */
		EC1F894F29A24FF000FD9C76 /* XCRemoteSwiftPackageReference "firebase-ios-sdk" */ = {
			isa = XCRemoteSwiftPackageReference;
			repositoryURL = "https://github.com/firebase/firebase-ios-sdk";
			requirement = {
				branch = master;
				kind = branch;
			};
		};
/* End XCRemoteSwiftPackageReference section */

/* Begin XCSwiftPackageProductDependency section */
		EC1F895029A24FF000FD9C76 /* FirebaseAuth */ = {
			isa = XCSwiftPackageProductDependency;
			package = EC1F894F29A24FF000FD9C76 /* XCRemoteSwiftPackageReference "firebase-ios-sdk" */;
			productName = FirebaseAuth;
		};
		EC1F895229A24FF000FD9C76 /* FirebaseDatabase */ = {
			isa = XCSwiftPackageProductDependency;
			package = EC1F894F29A24FF000FD9C76 /* XCRemoteSwiftPackageReference "firebase-ios-sdk" */;
			productName = FirebaseDatabase;
		};
		EC1F895429A24FF000FD9C76 /* FirebaseFirestore */ = {
			isa = XCSwiftPackageProductDependency;
			package = EC1F894F29A24FF000FD9C76 /* XCRemoteSwiftPackageReference "firebase-ios-sdk" */;
			productName = FirebaseFirestore;
		};
/* End XCSwiftPackageProductDependency section */

/* Begin XCVersionGroup section */
		EC1F893729A22C3700FD9C76 /* kombin_dolabim.xcdatamodeld */ = {
			isa = XCVersionGroup;
			children = (
				EC1F893829A22C3700FD9C76 /* kombin_dolabim.xcdatamodel */,
			);
			currentVersion = EC1F893829A22C3700FD9C76 /* kombin_dolabim.xcdatamodel */;
			path = kombin_dolabim.xcdatamodeld;
			sourceTree = "<group>";
			versionGroupType = wrapper.xcdatamodel;
		};
/* End XCVersionGroup section */
	};
	rootObject = EC1F892329A22C3700FD9C76 /* Project object */;
}
